
Microsoft Visual Studio Solution File, Format Version 12.00
# Visual Studio Version 17
VisualStudioVersion = 17.6.33829.357
MinimumVisualStudioVersion = 10.0.40219.1
Project("{FAE04EC0-301F-11D3-BF4B-00C04F79EFBC}") = "TCPServer", "TCPServer\TCPServer.csproj", "{A8574DC5-4EA3-4FD6-9212-4BA64733930E}"
EndProject
Project("{FAE04EC0-301F-11D3-BF4B-00C04F79EFBC}") = "TCPClient", "TCPClient\TCPClient.csproj", "{C8149621-2FF5-458D-8F6A-A9506E9D4C9E}"
EndProject
Project("{FAE04EC0-301F-11D3-BF4B-00C04F79EFBC}") = "TCPTest.Common", "TCPTest.Common\TCPTest.Common.csproj", "{6F322881-3EC6-4418-B482-51C8EAFE7A8B}"
EndProject
Global
	GlobalSection(SolutionConfigurationPlatforms) = preSolution
		Debug|Any CPU = Debug|Any CPU
		Release|Any CPU = Release|Any CPU
	EndGlobalSection
	GlobalSection(ProjectConfigurationPlatforms) = postSolution
		{A8574DC5-4EA3-4FD6-9212-4BA64733930E}.Debug|Any CPU.ActiveCfg = Debug|Any CPU
		{A8574DC5-4EA3-4FD6-9212-4BA64733930E}.Debug|Any CPU.Build.0 = Debug|Any CPU
		{A8574DC5-4EA3-4FD6-9212-4BA64733930E}.Release|Any CPU.ActiveCfg = Release|Any CPU
		{A8574DC5-4EA3-4FD6-9212-4BA64733930E}.Release|Any CPU.Build.0 = Release|Any CPU
		{C8149621-2FF5-458D-8F6A-A9506E9D4C9E}.Debug|Any CPU.ActiveCfg = Debug|Any CPU
		{C8149621-2FF5-458D-8F6A-A9506E9D4C9E}.Debug|Any CPU.Build.0 = Debug|Any CPU
		{C8149621-2FF5-458D-8F6A-A9506E9D4C9E}.Release|Any CPU.ActiveCfg = Release|Any CPU
		{C8149621-2FF5-458D-8F6A-A9506E9D4C9E}.Release|Any CPU.Build.0 = Release|Any CPU
		{6F322881-3EC6-4418-B482-51C8EAFE7A8B}.Debug|Any CPU.ActiveCfg = Debug|Any CPU
		{6F322881-3EC6-4418-B482-51C8EAFE7A8B}.Debug|Any CPU.Build.0 = Debug|Any CPU
		{6F322881-3EC6-4418-B482-51C8EAFE7A8B}.Release|Any CPU.ActiveCfg = Release|Any CPU
		{6F322881-3EC6-4418-B482-51C8EAFE7A8B}.Release|Any CPU.Build.0 = Release|Any CPU
	EndGlobalSection
	GlobalSection(SolutionProperties) = preSolution
		HideSolutionNode = FALSE
	EndGlobalSection
	GlobalSection(ExtensibilityGlobals) = postSolution
		SolutionGuid = {037B5443-E8DC-43DC-BD1F-991D912CAFDB}
	EndGlobalSection
EndGlobal
